
Microsoft Visual Studio Solution File, Format Version 12.00
# Visual Studio Version 16
VisualStudioVersion = 16.0.30225.117
MinimumVisualStudioVersion = 10.0.40219.1
Project("{FAE04EC0-301F-11D3-BF4B-00C04F79EFBC}") = "BREW.PRS.Maynard.Site", "BREW.PRS.Maynard.Site.csproj", "{BDDD82C7-ACAF-4A2C-9E15-BDA1E2637398}"
EndProject
Global
	GlobalSection(SolutionConfigurationPlatforms) = preSolution
		Debug|Any CPU = Debug|Any CPU
		Release|Any CPU = Release|Any CPU
	EndGlobalSection
	GlobalSection(ProjectConfigurationPlatforms) = postSolution
		{BDDD82C7-ACAF-4A2C-9E15-BDA1E2637398}.Debug|Any CPU.ActiveCfg = Debug|Any CPU
		{BDDD82C7-ACAF-4A2C-9E15-BDA1E2637398}.Debug|Any CPU.Build.0 = Debug|Any CPU
		{BDDD82C7-ACAF-4A2C-9E15-BDA1E2637398}.Release|Any CPU.ActiveCfg = Release|Any CPU
		{BDDD82C7-ACAF-4A2C-9E15-BDA1E2637398}.Release|Any CPU.Build.0 = Release|Any CPU
	EndGlobalSection
	GlobalSection(SolutionProperties) = preSolution
		HideSolutionNode = FALSE
	EndGlobalSection
	GlobalSection(ExtensibilityGlobals) = postSolution
		SolutionGuid = {279126D8-B769-4691-808C-DBAA5BE31AD3}
	EndGlobalSection
EndGlobal
